
Microsoft Visual Studio Solution File, Format Version 12.00
# Visual Studio Version 17
VisualStudioVersion = 17.8.34408.163
MinimumVisualStudioVersion = 10.0.40219.1
Project("{FAE04EC0-301F-11D3-BF4B-00C04F79EFBC}") = "InsertionSort", "InsertionSort\InsertionSort.csproj", "{F81CDDFB-FE07-476A-9F42-9C9122605141}"
EndProject
Project("{FAE04EC0-301F-11D3-BF4B-00C04F79EFBC}") = "SelectionSort", "SelectionSort\SelectionSort.csproj", "{14FE7347-AA0B-4EA4-828F-0BCB66C7755E}"
EndProject
Project("{FAE04EC0-301F-11D3-BF4B-00C04F79EFBC}") = "BubbleSort", "BubbleSort\BubbleSort.csproj", "{57A8145D-CB1D-453B-A577-99C1DC5E0F68}"
EndProject
Global
	GlobalSection(SolutionConfigurationPlatforms) = preSolution
		Debug|Any CPU = Debug|Any CPU
		Release|Any CPU = Release|Any CPU
	EndGlobalSection
	GlobalSection(ProjectConfigurationPlatforms) = postSolution
		{F81CDDFB-FE07-476A-9F42-9C9122605141}.Debug|Any CPU.ActiveCfg = Debug|Any CPU
		{F81CDDFB-FE07-476A-9F42-9C9122605141}.Debug|Any CPU.Build.0 = Debug|Any CPU
		{F81CDDFB-FE07-476A-9F42-9C9122605141}.Release|Any CPU.ActiveCfg = Release|Any CPU
		{F81CDDFB-FE07-476A-9F42-9C9122605141}.Release|Any CPU.Build.0 = Release|Any CPU
		{14FE7347-AA0B-4EA4-828F-0BCB66C7755E}.Debug|Any CPU.ActiveCfg = Debug|Any CPU
		{14FE7347-AA0B-4EA4-828F-0BCB66C7755E}.Debug|Any CPU.Build.0 = Debug|Any CPU
		{14FE7347-AA0B-4EA4-828F-0BCB66C7755E}.Release|Any CPU.ActiveCfg = Release|Any CPU
		{14FE7347-AA0B-4EA4-828F-0BCB66C7755E}.Release|Any CPU.Build.0 = Release|Any CPU
		{57A8145D-CB1D-453B-A577-99C1DC5E0F68}.Debug|Any CPU.ActiveCfg = Debug|Any CPU
		{57A8145D-CB1D-453B-A577-99C1DC5E0F68}.Debug|Any CPU.Build.0 = Debug|Any CPU
		{57A8145D-CB1D-453B-A577-99C1DC5E0F68}.Release|Any CPU.ActiveCfg = Release|Any CPU
		{57A8145D-CB1D-453B-A577-99C1DC5E0F68}.Release|Any CPU.Build.0 = Release|Any CPU
	EndGlobalSection
	GlobalSection(SolutionProperties) = preSolution
		HideSolutionNode = FALSE
	EndGlobalSection
	GlobalSection(ExtensibilityGlobals) = postSolution
		SolutionGuid = {CF0A5124-5869-4ACC-B489-B69AECB3FB2D}
	EndGlobalSection
EndGlobal
